# This file is automatically @generated by Cargo.
# It is not intended for manual editing.
version = 4

[[package]]
name = "robocode-cli"
version = "0.1.0"
dependencies = [
 "robocode-core",
 "robocode-model",
 "robocode-tools",
 "robocode-types",
]

[[package]]
name = "robocode-core"
version = "0.1.0"
dependencies = [
 "robocode-model",
 "robocode-permissions",
 "robocode-session",
 "robocode-tools",
 "robocode-types",
]

[[package]]
name = "robocode-model"
version = "0.1.0"
dependencies = [
 "robocode-types",
]

[[package]]
name = "robocode-permissions"
version = "0.1.0"
dependencies = [
 "robocode-types",
]

[[package]]
name = "robocode-session"
version = "0.1.0"
dependencies = [
 "robocode-types",
]

[[package]]
name = "robocode-tools"
version = "0.1.0"
dependencies = [
 "robocode-types",
]

[[package]]
name = "robocode-types"
version = "0.1.0"
